
Microsoft Visual Studio Solution File, Format Version 12.00
# Visual Studio Version 17
VisualStudioVersion = 17.5.002.0
MinimumVisualStudioVersion = 10.0.40219.1
Project("{9A19103F-16F7-4668-BE54-9A1E7A4F7556}") = "punto1", "punto1.csproj", "{BCE3FCDD-4223-4BF4-A4B2-4FF845E211E3}"
EndProject
Global
	GlobalSection(SolutionConfigurationPlatforms) = preSolution
		Debug|Any CPU = Debug|Any CPU
		Release|Any CPU = Release|Any CPU
	EndGlobalSection
	GlobalSection(ProjectConfigurationPlatforms) = postSolution
		{BCE3FCDD-4223-4BF4-A4B2-4FF845E211E3}.Debug|Any CPU.ActiveCfg = Debug|Any CPU
		{BCE3FCDD-4223-4BF4-A4B2-4FF845E211E3}.Debug|Any CPU.Build.0 = Debug|Any CPU
		{BCE3FCDD-4223-4BF4-A4B2-4FF845E211E3}.Release|Any CPU.ActiveCfg = Release|Any CPU
		{BCE3FCDD-4223-4BF4-A4B2-4FF845E211E3}.Release|Any CPU.Build.0 = Release|Any CPU
	EndGlobalSection
	GlobalSection(SolutionProperties) = preSolution
		HideSolutionNode = FALSE
	EndGlobalSection
	GlobalSection(ExtensibilityGlobals) = postSolution
		SolutionGuid = {4678465C-B574-4FE3-BEA5-B8EF46629777}
	EndGlobalSection
EndGlobal
